# This file is automatically @generated by Cargo.
# It is not intended for manual editing.
version = 4

[[package]]
name = "rust-emulas"
version = "0.1.0"
dependencies = [
 "sdl3-sys",
]

[[package]]
name = "sdl3-sys"
version = "0.4.7+SDL3-3.2.10"
source = "registry+https://github.com/rust-lang/crates.io-index"
checksum = "f0d16a8a3623a4cb39a3661c81d9d4c5fd77ada27fc056e320b3651bf7bde1b1"
